// !$*UTF8*$!
{
	archiveVersion = 1;
	classes = {
	};
	objectVersion = 56;
	objects = {

/* Begin PBXBuildFile section */
		CA3452BD29589ACB00796052 /* AppDelegate.swift in Sources */ = {isa = PBXBuildFile; fileRef = CA3452BC29589ACB00796052 /* AppDelegate.swift */; };
		CA3452BF29589ACB00796052 /* SceneDelegate.swift in Sources */ = {isa = PBXBuildFile; fileRef = CA3452BE29589ACB00796052 /* SceneDelegate.swift */; };
		CA3452C129589ACB00796052 /* SignInVC.swift in Sources */ = {isa = PBXBuildFile; fileRef = CA3452C029589ACB00796052 /* SignInVC.swift */; };
		CA3452C429589ACB00796052 /* Main.storyboard in Resources */ = {isa = PBXBuildFile; fileRef = CA3452C229589ACB00796052 /* Main.storyboard */; };
		CA3452C629589ACC00796052 /* Assets.xcassets in Resources */ = {isa = PBXBuildFile; fileRef = CA3452C529589ACC00796052 /* Assets.xcassets */; };
		CA3452C929589ACC00796052 /* LaunchScreen.storyboard in Resources */ = {isa = PBXBuildFile; fileRef = CA3452C729589ACC00796052 /* LaunchScreen.storyboard */; };
		CA3452D129589BA000796052 /* GoogleService-Info.plist in Resources */ = {isa = PBXBuildFile; fileRef = CA3452D029589BA000796052 /* GoogleService-Info.plist */; };
		CA3452D429589C4E00796052 /* FirebaseAnalytics in Frameworks */ = {isa = PBXBuildFile; productRef = CA3452D329589C4E00796052 /* FirebaseAnalytics */; };
		CA3452D629589C4E00796052 /* FirebaseAuth in Frameworks */ = {isa = PBXBuildFile; productRef = CA3452D529589C4E00796052 /* FirebaseAuth */; };
		CA3452D829589C4E00796052 /* FirebaseDatabase in Frameworks */ = {isa = PBXBuildFile; productRef = CA3452D729589C4E00796052 /* FirebaseDatabase */; };
		CA3452DA29589C4E00796052 /* FirebaseFirestore in Frameworks */ = {isa = PBXBuildFile; productRef = CA3452D929589C4E00796052 /* FirebaseFirestore */; };
		CA3452DC29589C4E00796052 /* FirebaseFunctions in Frameworks */ = {isa = PBXBuildFile; productRef = CA3452DB29589C4E00796052 /* FirebaseFunctions */; };
		CA3452DE29589C4E00796052 /* FirebaseStorage in Frameworks */ = {isa = PBXBuildFile; productRef = CA3452DD29589C4E00796052 /* FirebaseStorage */; };
		CA3452E02958A2EF00796052 /* FeedVC.swift in Sources */ = {isa = PBXBuildFile; fileRef = CA3452DF2958A2EF00796052 /* FeedVC.swift */; };
		CA3452E22958A31500796052 /* UploadVC.swift in Sources */ = {isa = PBXBuildFile; fileRef = CA3452E12958A31500796052 /* UploadVC.swift */; };
		CA3452E42958A33000796052 /* SettingsVC.swift in Sources */ = {isa = PBXBuildFile; fileRef = CA3452E32958A33000796052 /* SettingsVC.swift */; };
		CA3452E82958A88D00796052 /* SnapVC.swift in Sources */ = {isa = PBXBuildFile; fileRef = CA3452E72958A88D00796052 /* SnapVC.swift */; };
		CA3452EB2958B95000796052 /* UserSingleton.swift in Sources */ = {isa = PBXBuildFile; fileRef = CA3452EA2958B95000796052 /* UserSingleton.swift */; };
		CA3452ED2958E30A00796052 /* FeedCell.swift in Sources */ = {isa = PBXBuildFile; fileRef = CA3452EC2958E30A00796052 /* FeedCell.swift */; };
		CA3452EF2958F12F00796052 /* Snap.swift in Sources */ = {isa = PBXBuildFile; fileRef = CA3452EE2958F12F00796052 /* Snap.swift */; };
		CA3452F22958F65E00796052 /* SDWebImage in Frameworks */ = {isa = PBXBuildFile; productRef = CA3452F12958F65E00796052 /* SDWebImage */; };
		CA6916BA295B37A30084CB49 /* ImageSlideshow in Frameworks */ = {isa = PBXBuildFile; productRef = CA6916B9295B37A30084CB49 /* ImageSlideshow */; };
/* End PBXBuildFile section */

/* Begin PBXFileReference section */
		CA3452B929589ACB00796052 /* MySnapchatClone.app */ = {isa = PBXFileReference; explicitFileType = wrapper.application; includeInIndex = 0; path = MySnapchatClone.app; sourceTree = BUILT_PRODUCTS_DIR; };
		CA3452BC29589ACB00796052 /* AppDelegate.swift */ = {isa = PBXFileReference; lastKnownFileType = sourcecode.swift; path = AppDelegate.swift; sourceTree = "<group>"; };
		CA3452BE29589ACB00796052 /* SceneDelegate.swift */ = {isa = PBXFileReference; lastKnownFileType = sourcecode.swift; path = SceneDelegate.swift; sourceTree = "<group>"; };
		CA3452C029589ACB00796052 /* SignInVC.swift */ = {isa = PBXFileReference; lastKnownFileType = sourcecode.swift; path = SignInVC.swift; sourceTree = "<group>"; };
		CA3452C329589ACB00796052 /* Base */ = {isa = PBXFileReference; lastKnownFileType = file.storyboard; name = Base; path = Base.lproj/Main.storyboard; sourceTree = "<group>"; };
		CA3452C529589ACC00796052 /* Assets.xcassets */ = {isa = PBXFileReference; lastKnownFileType = folder.assetcatalog; path = Assets.xcassets; sourceTree = "<group>"; };
		CA3452C829589ACC00796052 /* Base */ = {isa = PBXFileReference; lastKnownFileType = file.storyboard; name = Base; path = Base.lproj/LaunchScreen.storyboard; sourceTree = "<group>"; };
		CA3452CA29589ACC00796052 /* Info.plist */ = {isa = PBXFileReference; lastKnownFileType = text.plist.xml; path = Info.plist; sourceTree = "<group>"; };
		CA3452D029589BA000796052 /* GoogleService-Info.plist */ = {isa = PBXFileReference; fileEncoding = 4; lastKnownFileType = text.plist.xml; path = "GoogleService-Info.plist"; sourceTree = "<group>"; };
		CA3452DF2958A2EF00796052 /* FeedVC.swift */ = {isa = PBXFileReference; lastKnownFileType = sourcecode.swift; path = FeedVC.swift; sourceTree = "<group>"; };
		CA3452E12958A31500796052 /* UploadVC.swift */ = {isa = PBXFileReference; lastKnownFileType = sourcecode.swift; path = UploadVC.swift; sourceTree = "<group>"; };
		CA3452E32958A33000796052 /* SettingsVC.swift */ = {isa = PBXFileReference; lastKnownFileType = sourcecode.swift; path = SettingsVC.swift; sourceTree = "<group>"; };
		CA3452E72958A88D00796052 /* SnapVC.swift */ = {isa = PBXFileReference; lastKnownFileType = sourcecode.swift; path = SnapVC.swift; sourceTree = "<group>"; };
		CA3452EA2958B95000796052 /* UserSingleton.swift */ = {isa = PBXFileReference; lastKnownFileType = sourcecode.swift; path = UserSingleton.swift; sourceTree = "<group>"; };
		CA3452EC2958E30A00796052 /* FeedCell.swift */ = {isa = PBXFileReference; lastKnownFileType = sourcecode.swift; path = FeedCell.swift; sourceTree = "<group>"; };
		CA3452EE2958F12F00796052 /* Snap.swift */ = {isa = PBXFileReference; lastKnownFileType = sourcecode.swift; path = Snap.swift; sourceTree = "<group>"; };
/* End PBXFileReference section */

/* Begin PBXFrameworksBuildPhase section */
		CA3452B629589ACB00796052 /* Frameworks */ = {
			isa = PBXFrameworksBuildPhase;
			buildActionMask = 2147483647;
			files = (
				CA3452D829589C4E00796052 /* FirebaseDatabase in Frameworks */,
				CA3452DA29589C4E00796052 /* FirebaseFirestore in Frameworks */,
				CA3452DC29589C4E00796052 /* FirebaseFunctions in Frameworks */,
				CA6916BA295B37A30084CB49 /* ImageSlideshow in Frameworks */,
				CA3452F22958F65E00796052 /* SDWebImage in Frameworks */,
				CA3452D429589C4E00796052 /* FirebaseAnalytics in Frameworks */,
				CA3452D629589C4E00796052 /* FirebaseAuth in Frameworks */,
				CA3452DE29589C4E00796052 /* FirebaseStorage in Frameworks */,
			);
			runOnlyForDeploymentPostprocessing = 0;
		};
/* End PBXFrameworksBuildPhase section */

/* Begin PBXGroup section */
		CA3452B029589ACB00796052 = {
			isa = PBXGroup;
			children = (
				CA3452BB29589ACB00796052 /* MySnapchatClone */,
				CA3452BA29589ACB00796052 /* Products */,
			);
			sourceTree = "<group>";
		};
		CA3452BA29589ACB00796052 /* Products */ = {
			isa = PBXGroup;
			children = (
				CA3452B929589ACB00796052 /* MySnapchatClone.app */,
			);
			name = Products;
			sourceTree = "<group>";
		};
		CA3452BB29589ACB00796052 /* MySnapchatClone */ = {
			isa = PBXGroup;
			children = (
				CA3452E92958B93C00796052 /* Models */,
				CA3452E62958A57300796052 /* Delegates */,
				CA3452E52958A54000796052 /* View Controllers */,
				CA3452C229589ACB00796052 /* Main.storyboard */,
				CA3452C529589ACC00796052 /* Assets.xcassets */,
				CA3452C729589ACC00796052 /* LaunchScreen.storyboard */,
				CA3452CA29589ACC00796052 /* Info.plist */,
				CA3452D029589BA000796052 /* GoogleService-Info.plist */,
			);
			path = MySnapchatClone;
			sourceTree = "<group>";
		};
		CA3452E52958A54000796052 /* View Controllers */ = {
			isa = PBXGroup;
			children = (
				CA3452C029589ACB00796052 /* SignInVC.swift */,
				CA3452DF2958A2EF00796052 /* FeedVC.swift */,
				CA3452E12958A31500796052 /* UploadVC.swift */,
				CA3452E32958A33000796052 /* SettingsVC.swift */,
				CA3452E72958A88D00796052 /* SnapVC.swift */,
				CA3452EC2958E30A00796052 /* FeedCell.swift */,
			);
			path = "View Controllers";
			sourceTree = "<group>";
		};
		CA3452E62958A57300796052 /* Delegates */ = {
			isa = PBXGroup;
			children = (
				CA3452BC29589ACB00796052 /* AppDelegate.swift */,
				CA3452BE29589ACB00796052 /* SceneDelegate.swift */,
			);
			path = Delegates;
			sourceTree = "<group>";
		};
		CA3452E92958B93C00796052 /* Models */ = {
			isa = PBXGroup;
			children = (
				CA3452EA2958B95000796052 /* UserSingleton.swift */,
				CA3452EE2958F12F00796052 /* Snap.swift */,
			);
			path = Models;
			sourceTree = "<group>";
		};
/* End PBXGroup section */

/* Begin PBXNativeTarget section */
		CA3452B829589ACB00796052 /* MySnapchatClone */ = {
			isa = PBXNativeTarget;
			buildConfigurationList = CA3452CD29589ACC00796052 /* Build configuration list for PBXNativeTarget "MySnapchatClone" */;
			buildPhases = (
				CA3452B529589ACB00796052 /* Sources */,
				CA3452B629589ACB00796052 /* Frameworks */,
				CA3452B729589ACB00796052 /* Resources */,
			);
			buildRules = (
			);
			dependencies = (
			);
			name = MySnapchatClone;
			packageProductDependencies = (
				CA3452D329589C4E00796052 /* FirebaseAnalytics */,
				CA3452D529589C4E00796052 /* FirebaseAuth */,
				CA3452D729589C4E00796052 /* FirebaseDatabase */,
				CA3452D929589C4E00796052 /* FirebaseFirestore */,
				CA3452DB29589C4E00796052 /* FirebaseFunctions */,
				CA3452DD29589C4E00796052 /* FirebaseStorage */,
				CA3452F12958F65E00796052 /* SDWebImage */,
				CA6916B9295B37A30084CB49 /* ImageSlideshow */,
			);
			productName = MySnapchatClone;
			productReference = CA3452B929589ACB00796052 /* MySnapchatClone.app */;
			productType = "com.apple.product-type.application";
		};
/* End PBXNativeTarget section */

/* Begin PBXProject section */
		CA3452B129589ACB00796052 /* Project object */ = {
			isa = PBXProject;
			attributes = {
				BuildIndependentTargetsInParallel = 1;
				LastSwiftUpdateCheck = 1400;
				LastUpgradeCheck = 1400;
				TargetAttributes = {
					CA3452B829589ACB00796052 = {
						CreatedOnToolsVersion = 14.0.1;
					};
				};
			};
			buildConfigurationList = CA3452B429589ACB00796052 /* Build configuration list for PBXProject "MySnapchatClone" */;
			compatibilityVersion = "Xcode 14.0";
			developmentRegion = en;
			hasScannedForEncodings = 0;
			knownRegions = (
				en,
				Base,
			);
			mainGroup = CA3452B029589ACB00796052;
			packageReferences = (
				CA3452D229589C4E00796052 /* XCRemoteSwiftPackageReference "firebase-ios-sdk" */,
				CA3452F02958F65E00796052 /* XCRemoteSwiftPackageReference "SDWebImage" */,
				CA6916B8295B37A20084CB49 /* XCRemoteSwiftPackageReference "ImageSlideshow" */,
			);
			productRefGroup = CA3452BA29589ACB00796052 /* Products */;
			projectDirPath = "";
			projectRoot = "";
			targets = (
				CA3452B829589ACB00796052 /* MySnapchatClone */,
			);
		};
/* End PBXProject section */

/* Begin PBXResourcesBuildPhase section */
		CA3452B729589ACB00796052 /* Resources */ = {
			isa = PBXResourcesBuildPhase;
			buildActionMask = 2147483647;
			files = (
				CA3452C929589ACC00796052 /* LaunchScreen.storyboard in Resources */,
				CA3452D129589BA000796052 /* GoogleService-Info.plist in Resources */,
				CA3452C629589ACC00796052 /* Assets.xcassets in Resources */,
				CA3452C429589ACB00796052 /* Main.storyboard in Resources */,
			);
			runOnlyForDeploymentPostprocessing = 0;
		};
/* End PBXResourcesBuildPhase section */

/* Begin PBXSourcesBuildPhase section */
		CA3452B529589ACB00796052 /* Sources */ = {
			isa = PBXSourcesBuildPhase;
			buildActionMask = 2147483647;
			files = (
				CA3452EB2958B95000796052 /* UserSingleton.swift in Sources */,
				CA3452EF2958F12F00796052 /* Snap.swift in Sources */,
				CA3452E02958A2EF00796052 /* FeedVC.swift in Sources */,
				CA3452C129589ACB00796052 /* SignInVC.swift in Sources */,
				CA3452BD29589ACB00796052 /* AppDelegate.swift in Sources */,
				CA3452E22958A31500796052 /* UploadVC.swift in Sources */,
				CA3452E82958A88D00796052 /* SnapVC.swift in Sources */,
				CA3452BF29589ACB00796052 /* SceneDelegate.swift in Sources */,
				CA3452E42958A33000796052 /* SettingsVC.swift in Sources */,
				CA3452ED2958E30A00796052 /* FeedCell.swift in Sources */,
			);
			runOnlyForDeploymentPostprocessing = 0;
		};
/* End PBXSourcesBuildPhase section */

/* Begin PBXVariantGroup section */
		CA3452C229589ACB00796052 /* Main.storyboard */ = {
			isa = PBXVariantGroup;
			children = (
				CA3452C329589ACB00796052 /* Base */,
			);
			name = Main.storyboard;
			sourceTree = "<group>";
		};
		CA3452C729589ACC00796052 /* LaunchScreen.storyboard */ = {
			isa = PBXVariantGroup;
			children = (
				CA3452C829589ACC00796052 /* Base */,
			);
			name = LaunchScreen.storyboard;
			sourceTree = "<group>";
		};
/* End PBXVariantGroup section */

/* Begin XCBuildConfiguration section */
		CA3452CB29589ACC00796052 /* Debug */ = {
			isa = XCBuildConfiguration;
			buildSettings = {
				ALWAYS_SEARCH_USER_PATHS = NO;
				CLANG_ANALYZER_NONNULL = YES;
				CLANG_ANALYZER_NUMBER_OBJECT_CONVERSION = YES_AGGRESSIVE;
				CLANG_CXX_LANGUAGE_STANDARD = "gnu++20";
				CLANG_ENABLE_MODULES = YES;
				CLANG_ENABLE_OBJC_ARC = YES;
				CLANG_ENABLE_OBJC_WEAK = YES;
				CLANG_WARN_BLOCK_CAPTURE_AUTORELEASING = YES;
				CLANG_WARN_BOOL_CONVERSION = YES;
				CLANG_WARN_COMMA = YES;
				CLANG_WARN_CONSTANT_CONVERSION = YES;
				CLANG_WARN_DEPRECATED_OBJC_IMPLEMENTATIONS = YES;
				CLANG_WARN_DIRECT_OBJC_ISA_USAGE = YES_ERROR;
				CLANG_WARN_DOCUMENTATION_COMMENTS = YES;
				CLANG_WARN_EMPTY_BODY = YES;
				CLANG_WARN_ENUM_CONVERSION = YES;
				CLANG_WARN_INFINITE_RECURSION = YES;
				CLANG_WARN_INT_CONVERSION = YES;
				CLANG_WARN_NON_LITERAL_NULL_CONVERSION = YES;
				CLANG_WARN_OBJC_IMPLICIT_RETAIN_SELF = YES;
				CLANG_WARN_OBJC_LITERAL_CONVERSION = YES;
				CLANG_WARN_OBJC_ROOT_CLASS = YES_ERROR;
				CLANG_WARN_QUOTED_INCLUDE_IN_FRAMEWORK_HEADER = YES;
				CLANG_WARN_RANGE_LOOP_ANALYSIS = YES;
				CLANG_WARN_STRICT_PROTOTYPES = YES;
				CLANG_WARN_SUSPICIOUS_MOVE = YES;
				CLANG_WARN_UNGUARDED_AVAILABILITY = YES_AGGRESSIVE;
				CLANG_WARN_UNREACHABLE_CODE = YES;
				CLANG_WARN__DUPLICATE_METHOD_MATCH = YES;
				COPY_PHASE_STRIP = NO;
				DEBUG_INFORMATION_FORMAT = dwarf;
				ENABLE_STRICT_OBJC_MSGSEND = YES;
				ENABLE_TESTABILITY = YES;
				GCC_C_LANGUAGE_STANDARD = gnu11;
				GCC_DYNAMIC_NO_PIC = NO;
				GCC_NO_COMMON_BLOCKS = YES;
				GCC_OPTIMIZATION_LEVEL = 0;
				GCC_PREPROCESSOR_DEFINITIONS = (
					"DEBUG=1",
					"$(inherited)",
				);
				GCC_WARN_64_TO_32_BIT_CONVERSION = YES;
				GCC_WARN_ABOUT_RETURN_TYPE = YES_ERROR;
				GCC_WARN_UNDECLARED_SELECTOR = YES;
				GCC_WARN_UNINITIALIZED_AUTOS = YES_AGGRESSIVE;
				GCC_WARN_UNUSED_FUNCTION = YES;
				GCC_WARN_UNUSED_VARIABLE = YES;
				IPHONEOS_DEPLOYMENT_TARGET = 16.0;
				MTL_ENABLE_DEBUG_INFO = INCLUDE_SOURCE;
				MTL_FAST_MATH = YES;
				ONLY_ACTIVE_ARCH = YES;
				SDKROOT = iphoneos;
				SWIFT_ACTIVE_COMPILATION_CONDITIONS = DEBUG;
				SWIFT_OPTIMIZATION_LEVEL = "-Onone";
			};
			name = Debug;
		};
		CA3452CC29589ACC00796052 /* Release */ = {
			isa = XCBuildConfiguration;
			buildSettings = {
				ALWAYS_SEARCH_USER_PATHS = NO;
				CLANG_ANALYZER_NONNULL = YES;
				CLANG_ANALYZER_NUMBER_OBJECT_CONVERSION = YES_AGGRESSIVE;
				CLANG_CXX_LANGUAGE_STANDARD = "gnu++20";
				CLANG_ENABLE_MODULES = YES;
				CLANG_ENABLE_OBJC_ARC = YES;
				CLANG_ENABLE_OBJC_WEAK = YES;
				CLANG_WARN_BLOCK_CAPTURE_AUTORELEASING = YES;
				CLANG_WARN_BOOL_CONVERSION = YES;
				CLANG_WARN_COMMA = YES;
				CLANG_WARN_CONSTANT_CONVERSION = YES;
				CLANG_WARN_DEPRECATED_OBJC_IMPLEMENTATIONS = YES;
				CLANG_WARN_DIRECT_OBJC_ISA_USAGE = YES_ERROR;
				CLANG_WARN_DOCUMENTATION_COMMENTS = YES;
				CLANG_WARN_EMPTY_BODY = YES;
				CLANG_WARN_ENUM_CONVERSION = YES;
				CLANG_WARN_INFINITE_RECURSION = YES;
				CLANG_WARN_INT_CONVERSION = YES;
				CLANG_WARN_NON_LITERAL_NULL_CONVERSION = YES;
				CLANG_WARN_OBJC_IMPLICIT_RETAIN_SELF = YES;
				CLANG_WARN_OBJC_LITERAL_CONVERSION = YES;
				CLANG_WARN_OBJC_ROOT_CLASS = YES_ERROR;
				CLANG_WARN_QUOTED_INCLUDE_IN_FRAMEWORK_HEADER = YES;
				CLANG_WARN_RANGE_LOOP_ANALYSIS = YES;
				CLANG_WARN_STRICT_PROTOTYPES = YES;
				CLANG_WARN_SUSPICIOUS_MOVE = YES;
				CLANG_WARN_UNGUARDED_AVAILABILITY = YES_AGGRESSIVE;
				CLANG_WARN_UNREACHABLE_CODE = YES;
				CLANG_WARN__DUPLICATE_METHOD_MATCH = YES;
				COPY_PHASE_STRIP = NO;
				DEBUG_INFORMATION_FORMAT = "dwarf-with-dsym";
				ENABLE_NS_ASSERTIONS = NO;
				ENABLE_STRICT_OBJC_MSGSEND = YES;
				GCC_C_LANGUAGE_STANDARD = gnu11;
				GCC_NO_COMMON_BLOCKS = YES;
				GCC_WARN_64_TO_32_BIT_CONVERSION = YES;
				GCC_WARN_ABOUT_RETURN_TYPE = YES_ERROR;
				GCC_WARN_UNDECLARED_SELECTOR = YES;
				GCC_WARN_UNINITIALIZED_AUTOS = YES_AGGRESSIVE;
				GCC_WARN_UNUSED_FUNCTION = YES;
				GCC_WARN_UNUSED_VARIABLE = YES;
				IPHONEOS_DEPLOYMENT_TARGET = 16.0;
				MTL_ENABLE_DEBUG_INFO = NO;
				MTL_FAST_MATH = YES;
				SDKROOT = iphoneos;
				SWIFT_COMPILATION_MODE = wholemodule;
				SWIFT_OPTIMIZATION_LEVEL = "-O";
				VALIDATE_PRODUCT = YES;
			};
			name = Release;
		};
		CA3452CE29589ACC00796052 /* Debug */ = {
			isa = XCBuildConfiguration;
			buildSettings = {
				ASSETCATALOG_COMPILER_APPICON_NAME = AppIcon;
				ASSETCATALOG_COMPILER_GLOBAL_ACCENT_COLOR_NAME = AccentColor;
				CODE_SIGN_STYLE = Automatic;
				CURRENT_PROJECT_VERSION = 1;
				DEVELOPMENT_TEAM = S3ZFXWB2M3;
				GENERATE_INFOPLIST_FILE = YES;
				INFOPLIST_FILE = MySnapchatClone/Info.plist;
				INFOPLIST_KEY_UIApplicationSupportsIndirectInputEvents = YES;
				INFOPLIST_KEY_UILaunchStoryboardName = LaunchScreen;
				INFOPLIST_KEY_UIMainStoryboardFile = Main;
				INFOPLIST_KEY_UISupportedInterfaceOrientations_iPad = "UIInterfaceOrientationPortrait UIInterfaceOrientationPortraitUpsideDown UIInterfaceOrientationLandscapeLeft UIInterfaceOrientationLandscapeRight";
				INFOPLIST_KEY_UISupportedInterfaceOrientations_iPhone = "UIInterfaceOrientationPortrait UIInterfaceOrientationLandscapeLeft UIInterfaceOrientationLandscapeRight";
				LD_RUNPATH_SEARCH_PATHS = (
					"$(inherited)",
					"@executable_path/Frameworks",
				);
				MARKETING_VERSION = 1.0;
				PRODUCT_BUNDLE_IDENTIFIER = com.yusufmertyildiz.MySnapchatClone;
				PRODUCT_NAME = "$(TARGET_NAME)";
				SWIFT_EMIT_LOC_STRINGS = YES;
				SWIFT_VERSION = 5.0;
				TARGETED_DEVICE_FAMILY = "1,2";
			};
			name = Debug;
		};
		CA3452CF29589ACC00796052 /* Release */ = {
			isa = XCBuildConfiguration;
			buildSettings = {
				ASSETCATALOG_COMPILER_APPICON_NAME = AppIcon;
				ASSETCATALOG_COMPILER_GLOBAL_ACCENT_COLOR_NAME = AccentColor;
				CODE_SIGN_STYLE = Automatic;
				CURRENT_PROJECT_VERSION = 1;
				DEVELOPMENT_TEAM = S3ZFXWB2M3;
				GENERATE_INFOPLIST_FILE = YES;
				INFOPLIST_FILE = MySnapchatClone/Info.plist;
				INFOPLIST_KEY_UIApplicationSupportsIndirectInputEvents = YES;
				INFOPLIST_KEY_UILaunchStoryboardName = LaunchScreen;
				INFOPLIST_KEY_UIMainStoryboardFile = Main;
				INFOPLIST_KEY_UISupportedInterfaceOrientations_iPad = "UIInterfaceOrientationPortrait UIInterfaceOrientationPortraitUpsideDown UIInterfaceOrientationLandscapeLeft UIInterfaceOrientationLandscapeRight";
				INFOPLIST_KEY_UISupportedInterfaceOrientations_iPhone = "UIInterfaceOrientationPortrait UIInterfaceOrientationLandscapeLeft UIInterfaceOrientationLandscapeRight";
				LD_RUNPATH_SEARCH_PATHS = (
					"$(inherited)",
					"@executable_path/Frameworks",
				);
				MARKETING_VERSION = 1.0;
				PRODUCT_BUNDLE_IDENTIFIER = com.yusufmertyildiz.MySnapchatClone;
				PRODUCT_NAME = "$(TARGET_NAME)";
				SWIFT_EMIT_LOC_STRINGS = YES;
				SWIFT_VERSION = 5.0;
				TARGETED_DEVICE_FAMILY = "1,2";
			};
			name = Release;
		};
/* End XCBuildConfiguration section */

/* Begin XCConfigurationList section */
		CA3452B429589ACB00796052 /* Build configuration list for PBXProject "MySnapchatClone" */ = {
			isa = XCConfigurationList;
			buildConfigurations = (
				CA3452CB29589ACC00796052 /* Debug */,
				CA3452CC29589ACC00796052 /* Release */,
			);
			defaultConfigurationIsVisible = 0;
			defaultConfigurationName = Release;
		};
		CA3452CD29589ACC00796052 /* Build configuration list for PBXNativeTarget "MySnapchatClone" */ = {
			isa = XCConfigurationList;
			buildConfigurations = (
				CA3452CE29589ACC00796052 /* Debug */,
				CA3452CF29589ACC00796052 /* Release */,
			);
			defaultConfigurationIsVisible = 0;
			defaultConfigurationName = Release;
		};
/* End XCConfigurationList section */

/* Begin XCRemoteSwiftPackageReference section */
		CA3452D229589C4E00796052 /* XCRemoteSwiftPackageReference "firebase-ios-sdk" */ = {
			isa = XCRemoteSwiftPackageReference;
			repositoryURL = "https://github.com/firebase/firebase-ios-sdk";
			requirement = {
				branch = master;
				kind = branch;
			};
		};
		CA3452F02958F65E00796052 /* XCRemoteSwiftPackageReference "SDWebImage" */ = {
			isa = XCRemoteSwiftPackageReference;
			repositoryURL = "https://github.com/SDWebImage/SDWebImage";
			requirement = {
				branch = master;
				kind = branch;
			};
		};
		CA6916B8295B37A20084CB49 /* XCRemoteSwiftPackageReference "ImageSlideshow" */ = {
			isa = XCRemoteSwiftPackageReference;
			repositoryURL = "https://github.com/zvonicek/ImageSlideshow";
			requirement = {
				kind = upToNextMajorVersion;
				minimumVersion = 1.0.0;
			};
		};
/* End XCRemoteSwiftPackageReference section */

/* Begin XCSwiftPackageProductDependency section */
		CA3452D329589C4E00796052 /* FirebaseAnalytics */ = {
			isa = XCSwiftPackageProductDependency;
			package = CA3452D229589C4E00796052 /* XCRemoteSwiftPackageReference "firebase-ios-sdk" */;
			productName = FirebaseAnalytics;
		};
		CA3452D529589C4E00796052 /* FirebaseAuth */ = {
			isa = XCSwiftPackageProductDependency;
			package = CA3452D229589C4E00796052 /* XCRemoteSwiftPackageReference "firebase-ios-sdk" */;
			productName = FirebaseAuth;
		};
		CA3452D729589C4E00796052 /* FirebaseDatabase */ = {
			isa = XCSwiftPackageProductDependency;
			package = CA3452D229589C4E00796052 /* XCRemoteSwiftPackageReference "firebase-ios-sdk" */;
			productName = FirebaseDatabase;
		};
		CA3452D929589C4E00796052 /* FirebaseFirestore */ = {
			isa = XCSwiftPackageProductDependency;
			package = CA3452D229589C4E00796052 /* XCRemoteSwiftPackageReference "firebase-ios-sdk" */;
			productName = FirebaseFirestore;
		};
		CA3452DB29589C4E00796052 /* FirebaseFunctions */ = {
			isa = XCSwiftPackageProductDependency;
			package = CA3452D229589C4E00796052 /* XCRemoteSwiftPackageReference "firebase-ios-sdk" */;
			productName = FirebaseFunctions;
		};
		CA3452DD29589C4E00796052 /* FirebaseStorage */ = {
			isa = XCSwiftPackageProductDependency;
			package = CA3452D229589C4E00796052 /* XCRemoteSwiftPackageReference "firebase-ios-sdk" */;
			productName = FirebaseStorage;
		};
		CA3452F12958F65E00796052 /* SDWebImage */ = {
			isa = XCSwiftPackageProductDependency;
			package = CA3452F02958F65E00796052 /* XCRemoteSwiftPackageReference "SDWebImage" */;
			productName = SDWebImage;
		};
		CA6916B9295B37A30084CB49 /* ImageSlideshow */ = {
			isa = XCSwiftPackageProductDependency;
			package = CA6916B8295B37A20084CB49 /* XCRemoteSwiftPackageReference "ImageSlideshow" */;
			productName = ImageSlideshow;
		};
/* End XCSwiftPackageProductDependency section */
	};
	rootObject = CA3452B129589ACB00796052 /* Project object */;
}
